<?xml version="1.0" encoding="UTF-8" standalone="yes" ?>
<CodeBlocks_project_file>
	<FileVersion major="1" minor="6" />
	<Project>
		<Option title="minecraft" />
		<Option pch_mode="2" />
		<Option compiler="gcc" />
		<Build>
			<Target title="Debug">
				<Option output="bin/Debug/minecraft" prefix_auto="1" extension_auto="1" />
				<Option working_dir="C:/Users/Utente/Documents/progetti codeblock/CodeBlocksMC" />
				<Option object_output="obj/Debug/" />
				<Option type="1" />
				<Option compiler="gcc" />
				<Compiler>
					<Add option="-g" />
				</Compiler>
			</Target>
			<Target title="Release">
				<Option output="bin/Release/minecraft" prefix_auto="1" extension_auto="1" />
				<Option working_dir="C:/freeglut-MinGW/freeglut/bin" />
				<Option object_output="obj/Release/" />
				<Option type="0" />
				<Option compiler="gcc" />
				<Compiler>
					<Add option="-O2" />
				</Compiler>
				<Linker>
					<Add option="-s" />
				</Linker>
			</Target>
		</Build>
		<Compiler>
			<Add option="-Wall" />
			<Add directory="C:/freeglut-MinGW/freeglut/include" />
		</Compiler>
		<Linker>
			<Add library="freeglut" />
			<Add library="opengl32" />
			<Add library="glu32" />
			<Add library="winmm" />
			<Add library="gdi32" />
			<Add directory="C:/freeglut-MinGW/freeglut/lib" />
		</Linker>
		<Unit filename="FastNoiseLite.h" />
		<Unit filename="GameApplication.cpp" />
		<Unit filename="GameApplication.hpp" />
		<Unit filename="KeyboardManager.cpp" />
		<Unit filename="KeyboardManager.hpp" />
		<Unit filename="MainMenu.cpp" />
		<Unit filename="MainMenu.hpp" />
		<Unit filename="MenuRenderer.cpp" />
		<Unit filename="MenuRenderer.hpp" />
		<Unit filename="MouseManager.cpp" />
		<Unit filename="MouseManager.hpp" />
		<Unit filename="PlayerMovement.cpp" />
		<Unit filename="PlayerMovement.hpp" />
		<Unit filename="SavesCreator.cpp" />
		<Unit filename="SavesCreator.hpp" />
		<Unit filename="WorldGenerator.cpp" />
		<Unit filename="WorldGenerator.h" />
		<Unit filename="main.cpp" />
		<Extensions />
	</Project>
</CodeBlocks_project_file>
